
Microsoft Visual Studio Solution File, Format Version 11.00
# Visual Studio 2010
Project("{FAE04EC0-301F-11D3-BF4B-00C04F79EFBC}") = "NetRemoting", "NetRemoting\NetRemoting.csproj", "{E0E0484B-F848-4FB4-8B99-50687AFC60BB}"
EndProject
Project("{FAE04EC0-301F-11D3-BF4B-00C04F79EFBC}") = "NetRemotingClient", "NetRemotingClient\NetRemotingClient.csproj", "{DDC209A8-4D89-44BF-84AA-D1C63BF13A52}"
EndProject
Project("{FAE04EC0-301F-11D3-BF4B-00C04F79EFBC}") = "ICommand", "ICommand\ICommand.csproj", "{93E07471-1C68-40AD-AFE3-A69540600BA1}"
EndProject
Project("{FAE04EC0-301F-11D3-BF4B-00C04F79EFBC}") = "NetRemotingServer", "NetRemotingServer\NetRemotingServer.csproj", "{6703262B-5A96-4FD4-ADF9-A805E059DF5B}"
EndProject
Global
	GlobalSection(SolutionConfigurationPlatforms) = preSolution
		Debug|Any CPU = Debug|Any CPU
		Debug|Mixed Platforms = Debug|Mixed Platforms
		Debug|x86 = Debug|x86
		Release|Any CPU = Release|Any CPU
		Release|Mixed Platforms = Release|Mixed Platforms
		Release|x86 = Release|x86
	EndGlobalSection
	GlobalSection(ProjectConfigurationPlatforms) = postSolution
		{E0E0484B-F848-4FB4-8B99-50687AFC60BB}.Debug|Any CPU.ActiveCfg = Debug|x86
		{E0E0484B-F848-4FB4-8B99-50687AFC60BB}.Debug|Mixed Platforms.ActiveCfg = Debug|x86
		{E0E0484B-F848-4FB4-8B99-50687AFC60BB}.Debug|Mixed Platforms.Build.0 = Debug|x86
		{E0E0484B-F848-4FB4-8B99-50687AFC60BB}.Debug|x86.ActiveCfg = Debug|x86
		{E0E0484B-F848-4FB4-8B99-50687AFC60BB}.Debug|x86.Build.0 = Debug|x86
		{E0E0484B-F848-4FB4-8B99-50687AFC60BB}.Release|Any CPU.ActiveCfg = Release|x86
		{E0E0484B-F848-4FB4-8B99-50687AFC60BB}.Release|Mixed Platforms.ActiveCfg = Release|x86
		{E0E0484B-F848-4FB4-8B99-50687AFC60BB}.Release|Mixed Platforms.Build.0 = Release|x86
		{E0E0484B-F848-4FB4-8B99-50687AFC60BB}.Release|x86.ActiveCfg = Release|x86
		{E0E0484B-F848-4FB4-8B99-50687AFC60BB}.Release|x86.Build.0 = Release|x86
		{DDC209A8-4D89-44BF-84AA-D1C63BF13A52}.Debug|Any CPU.ActiveCfg = Debug|x86
		{DDC209A8-4D89-44BF-84AA-D1C63BF13A52}.Debug|Mixed Platforms.ActiveCfg = Debug|x86
		{DDC209A8-4D89-44BF-84AA-D1C63BF13A52}.Debug|Mixed Platforms.Build.0 = Debug|x86
		{DDC209A8-4D89-44BF-84AA-D1C63BF13A52}.Debug|x86.ActiveCfg = Debug|x86
		{DDC209A8-4D89-44BF-84AA-D1C63BF13A52}.Debug|x86.Build.0 = Debug|x86
		{DDC209A8-4D89-44BF-84AA-D1C63BF13A52}.Release|Any CPU.ActiveCfg = Release|x86
		{DDC209A8-4D89-44BF-84AA-D1C63BF13A52}.Release|Mixed Platforms.ActiveCfg = Release|x86
		{DDC209A8-4D89-44BF-84AA-D1C63BF13A52}.Release|Mixed Platforms.Build.0 = Release|x86
		{DDC209A8-4D89-44BF-84AA-D1C63BF13A52}.Release|x86.ActiveCfg = Release|x86
		{DDC209A8-4D89-44BF-84AA-D1C63BF13A52}.Release|x86.Build.0 = Release|x86
		{93E07471-1C68-40AD-AFE3-A69540600BA1}.Debug|Any CPU.ActiveCfg = Debug|Any CPU
		{93E07471-1C68-40AD-AFE3-A69540600BA1}.Debug|Any CPU.Build.0 = Debug|Any CPU
		{93E07471-1C68-40AD-AFE3-A69540600BA1}.Debug|Mixed Platforms.ActiveCfg = Debug|Any CPU
		{93E07471-1C68-40AD-AFE3-A69540600BA1}.Debug|Mixed Platforms.Build.0 = Debug|Any CPU
		{93E07471-1C68-40AD-AFE3-A69540600BA1}.Debug|x86.ActiveCfg = Debug|Any CPU
		{93E07471-1C68-40AD-AFE3-A69540600BA1}.Release|Any CPU.ActiveCfg = Release|Any CPU
		{93E07471-1C68-40AD-AFE3-A69540600BA1}.Release|Any CPU.Build.0 = Release|Any CPU
		{93E07471-1C68-40AD-AFE3-A69540600BA1}.Release|Mixed Platforms.ActiveCfg = Release|Any CPU
		{93E07471-1C68-40AD-AFE3-A69540600BA1}.Release|Mixed Platforms.Build.0 = Release|Any CPU
		{93E07471-1C68-40AD-AFE3-A69540600BA1}.Release|x86.ActiveCfg = Release|Any CPU
		{6703262B-5A96-4FD4-ADF9-A805E059DF5B}.Debug|Any CPU.ActiveCfg = Debug|x86
		{6703262B-5A96-4FD4-ADF9-A805E059DF5B}.Debug|Mixed Platforms.ActiveCfg = Debug|x86
		{6703262B-5A96-4FD4-ADF9-A805E059DF5B}.Debug|Mixed Platforms.Build.0 = Debug|x86
		{6703262B-5A96-4FD4-ADF9-A805E059DF5B}.Debug|x86.ActiveCfg = Debug|x86
		{6703262B-5A96-4FD4-ADF9-A805E059DF5B}.Debug|x86.Build.0 = Debug|x86
		{6703262B-5A96-4FD4-ADF9-A805E059DF5B}.Release|Any CPU.ActiveCfg = Release|x86
		{6703262B-5A96-4FD4-ADF9-A805E059DF5B}.Release|Mixed Platforms.ActiveCfg = Release|x86
		{6703262B-5A96-4FD4-ADF9-A805E059DF5B}.Release|Mixed Platforms.Build.0 = Release|x86
		{6703262B-5A96-4FD4-ADF9-A805E059DF5B}.Release|x86.ActiveCfg = Release|x86
		{6703262B-5A96-4FD4-ADF9-A805E059DF5B}.Release|x86.Build.0 = Release|x86
	EndGlobalSection
	GlobalSection(SolutionProperties) = preSolution
		HideSolutionNode = FALSE
	EndGlobalSection
EndGlobal
